
Microsoft Visual Studio Solution File, Format Version 12.00
# Visual Studio Version 16
VisualStudioVersion = 16.0.30621.155
MinimumVisualStudioVersion = 10.0.40219.1
Project("{FAE04EC0-301F-11D3-BF4B-00C04F79EFBC}") = "CryptographyH2", "CryptographyH2\CryptographyH2.csproj", "{D8E6FEFE-E843-403A-80E6-E66EB73F38D7}"
EndProject
Global
	GlobalSection(SolutionConfigurationPlatforms) = preSolution
		Debug|Any CPU = Debug|Any CPU
		Release|Any CPU = Release|Any CPU
	EndGlobalSection
	GlobalSection(ProjectConfigurationPlatforms) = postSolution
		{D8E6FEFE-E843-403A-80E6-E66EB73F38D7}.Debug|Any CPU.ActiveCfg = Debug|Any CPU
		{D8E6FEFE-E843-403A-80E6-E66EB73F38D7}.Debug|Any CPU.Build.0 = Debug|Any CPU
		{D8E6FEFE-E843-403A-80E6-E66EB73F38D7}.Release|Any CPU.ActiveCfg = Release|Any CPU
		{D8E6FEFE-E843-403A-80E6-E66EB73F38D7}.Release|Any CPU.Build.0 = Release|Any CPU
	EndGlobalSection
	GlobalSection(SolutionProperties) = preSolution
		HideSolutionNode = FALSE
	EndGlobalSection
	GlobalSection(ExtensibilityGlobals) = postSolution
		SolutionGuid = {6BC21FA0-45C8-40C6-93E4-9B38FC0AF9F6}
	EndGlobalSection
EndGlobal
